
Microsoft Visual Studio Solution File, Format Version 12.00
# Visual Studio Version 17
VisualStudioVersion = 17.7.34024.191
MinimumVisualStudioVersion = 10.0.40219.1
Project("{FAE04EC0-301F-11D3-BF4B-00C04F79EFBC}") = "homework07.10.23", "homework07.10.23\homework07.10.23.csproj", "{4F885F93-2E4D-4479-8151-97B0266F10AE}"
EndProject
Global
	GlobalSection(SolutionConfigurationPlatforms) = preSolution
		Debug|Any CPU = Debug|Any CPU
		Release|Any CPU = Release|Any CPU
	EndGlobalSection
	GlobalSection(ProjectConfigurationPlatforms) = postSolution
		{4F885F93-2E4D-4479-8151-97B0266F10AE}.Debug|Any CPU.ActiveCfg = Debug|Any CPU
		{4F885F93-2E4D-4479-8151-97B0266F10AE}.Debug|Any CPU.Build.0 = Debug|Any CPU
		{4F885F93-2E4D-4479-8151-97B0266F10AE}.Release|Any CPU.ActiveCfg = Release|Any CPU
		{4F885F93-2E4D-4479-8151-97B0266F10AE}.Release|Any CPU.Build.0 = Release|Any CPU
	EndGlobalSection
	GlobalSection(SolutionProperties) = preSolution
		HideSolutionNode = FALSE
	EndGlobalSection
	GlobalSection(ExtensibilityGlobals) = postSolution
		SolutionGuid = {ABFE0ABC-195A-4895-88B2-A73054F143C2}
	EndGlobalSection
EndGlobal
